
Microsoft Visual Studio Solution File, Format Version 12.00
# Visual Studio 15
VisualStudioVersion = 15.0.28307.902
MinimumVisualStudioVersion = 10.0.40219.1
Project("{FAE04EC0-301F-11D3-BF4B-00C04F79EFBC}") = "WebApp", "WebApp\WebApp.csproj", "{405B3E30-C1C4-4D29-A8DA-BEC30CB8D613}"
EndProject
Project("{FAE04EC0-301F-11D3-BF4B-00C04F79EFBC}") = "Model", "Model\Model.csproj", "{ECE421BF-6EAB-4D0A-B1B7-323434367BAB}"
EndProject
Project("{FAE04EC0-301F-11D3-BF4B-00C04F79EFBC}") = "Common", "Common\Common.csproj", "{07298792-EFEA-4CCD-A7CF-5F31A792DB54}"
EndProject
Project("{FAE04EC0-301F-11D3-BF4B-00C04F79EFBC}") = "Repository", "Repository\Repository.csproj", "{B4AB91F9-1C3B-4158-91AC-FEF785215657}"
EndProject
Project("{FAE04EC0-301F-11D3-BF4B-00C04F79EFBC}") = "Business", "Business\Business.csproj", "{0298C3A1-006E-4734-8E78-2F75AFD713B3}"
EndProject
Global
	GlobalSection(SolutionConfigurationPlatforms) = preSolution
		Debug|Any CPU = Debug|Any CPU
		Release|Any CPU = Release|Any CPU
	EndGlobalSection
	GlobalSection(ProjectConfigurationPlatforms) = postSolution
		{405B3E30-C1C4-4D29-A8DA-BEC30CB8D613}.Debug|Any CPU.ActiveCfg = Debug|Any CPU
		{405B3E30-C1C4-4D29-A8DA-BEC30CB8D613}.Debug|Any CPU.Build.0 = Debug|Any CPU
		{405B3E30-C1C4-4D29-A8DA-BEC30CB8D613}.Release|Any CPU.ActiveCfg = Release|Any CPU
		{405B3E30-C1C4-4D29-A8DA-BEC30CB8D613}.Release|Any CPU.Build.0 = Release|Any CPU
		{ECE421BF-6EAB-4D0A-B1B7-323434367BAB}.Debug|Any CPU.ActiveCfg = Debug|Any CPU
		{ECE421BF-6EAB-4D0A-B1B7-323434367BAB}.Debug|Any CPU.Build.0 = Debug|Any CPU
		{ECE421BF-6EAB-4D0A-B1B7-323434367BAB}.Release|Any CPU.ActiveCfg = Release|Any CPU
		{ECE421BF-6EAB-4D0A-B1B7-323434367BAB}.Release|Any CPU.Build.0 = Release|Any CPU
		{07298792-EFEA-4CCD-A7CF-5F31A792DB54}.Debug|Any CPU.ActiveCfg = Debug|Any CPU
		{07298792-EFEA-4CCD-A7CF-5F31A792DB54}.Debug|Any CPU.Build.0 = Debug|Any CPU
		{07298792-EFEA-4CCD-A7CF-5F31A792DB54}.Release|Any CPU.ActiveCfg = Release|Any CPU
		{07298792-EFEA-4CCD-A7CF-5F31A792DB54}.Release|Any CPU.Build.0 = Release|Any CPU
		{B4AB91F9-1C3B-4158-91AC-FEF785215657}.Debug|Any CPU.ActiveCfg = Debug|Any CPU
		{B4AB91F9-1C3B-4158-91AC-FEF785215657}.Debug|Any CPU.Build.0 = Debug|Any CPU
		{B4AB91F9-1C3B-4158-91AC-FEF785215657}.Release|Any CPU.ActiveCfg = Release|Any CPU
		{B4AB91F9-1C3B-4158-91AC-FEF785215657}.Release|Any CPU.Build.0 = Release|Any CPU
		{0298C3A1-006E-4734-8E78-2F75AFD713B3}.Debug|Any CPU.ActiveCfg = Debug|Any CPU
		{0298C3A1-006E-4734-8E78-2F75AFD713B3}.Debug|Any CPU.Build.0 = Debug|Any CPU
		{0298C3A1-006E-4734-8E78-2F75AFD713B3}.Release|Any CPU.ActiveCfg = Release|Any CPU
		{0298C3A1-006E-4734-8E78-2F75AFD713B3}.Release|Any CPU.Build.0 = Release|Any CPU
	EndGlobalSection
	GlobalSection(SolutionProperties) = preSolution
		HideSolutionNode = FALSE
	EndGlobalSection
	GlobalSection(ExtensibilityGlobals) = postSolution
		SolutionGuid = {8700DA3D-0F5B-4BB9-A605-1EC221318CCE}
	EndGlobalSection
EndGlobal
